
Microsoft Visual Studio Solution File, Format Version 12.00
# Visual Studio Version 17
VisualStudioVersion = 17.2.32630.192
MinimumVisualStudioVersion = 10.0.40219.1
Project("{FAE04EC0-301F-11D3-BF4B-00C04F79EFBC}") = "GpsSkateShop", "GpsSkateShop\GpsSkateShop.csproj", "{68164900-6B83-407B-8AEB-4157DD90DE94}"
EndProject
Global
	GlobalSection(SolutionConfigurationPlatforms) = preSolution
		Debug|Any CPU = Debug|Any CPU
		Release|Any CPU = Release|Any CPU
	EndGlobalSection
	GlobalSection(ProjectConfigurationPlatforms) = postSolution
		{68164900-6B83-407B-8AEB-4157DD90DE94}.Debug|Any CPU.ActiveCfg = Debug|Any CPU
		{68164900-6B83-407B-8AEB-4157DD90DE94}.Debug|Any CPU.Build.0 = Debug|Any CPU
		{68164900-6B83-407B-8AEB-4157DD90DE94}.Release|Any CPU.ActiveCfg = Release|Any CPU
		{68164900-6B83-407B-8AEB-4157DD90DE94}.Release|Any CPU.Build.0 = Release|Any CPU
	EndGlobalSection
	GlobalSection(SolutionProperties) = preSolution
		HideSolutionNode = FALSE
	EndGlobalSection
	GlobalSection(ExtensibilityGlobals) = postSolution
		SolutionGuid = {E42102F4-F3FE-46D8-A609-4FB3C2201D01}
	EndGlobalSection
EndGlobal
